github.com/severalnines/clustercontrol-client-sdk/go/pkg/openapi v0.0.0-20260506212340-e0a621b6d2bc h1:0KjZy7lL2D2+RYQ7JJZJO82TvtVosmsWT/jBSsqNpJ4=
github.com/severalnines/clustercontrol-client-sdk/go/pkg/openapi v0.0.0-20260506212340-e0a621b6d2bc/go.mod h1:Pngloj1DpT4Ujx5rao3WRDz09YsYfGbOr6d9xABfsbI=
