github.com/severalnines/clustercontrol-client-sdk/go/pkg/openapi v0.0.0-20260421203513-edcaa79ca691 h1:ZjM6B+8lqN33d8CRcb8Mj0T0Bg5hL/3XXnGQZ2zSe3I=
github.com/severalnines/clustercontrol-client-sdk/go/pkg/openapi v0.0.0-20260421203513-edcaa79ca691/go.mod h1:Pngloj1DpT4Ujx5rao3WRDz09YsYfGbOr6d9xABfsbI=
